
Microsoft Visual Studio Solution File, Format Version 12.00
# Visual Studio Version 16
VisualStudioVersion = 16.0.29920.165
MinimumVisualStudioVersion = 10.0.40219.1
Project("{FAE04EC0-301F-11D3-BF4B-00C04F79EFBC}") = "SimCycling", "SimCycling\SimCycling.csproj", "{CFF1BAAF-9059-48E7-A09E-820A07627EDF}"
EndProject
Project("{888888A0-9F3D-457C-B088-3A5042F75D52}") = "ACSimCyclingDash", "ACSimCyclingDash\ACSimCyclingDash.pyproj", "{9C56C234-E736-4528-A63D-1833DF6E970D}"
EndProject
Project("{888888A0-9F3D-457C-B088-3A5042F75D52}") = "AIGPXRecorder", "AIGPXRecorder\AIGPXRecorder.pyproj", "{17191032-2C0F-4485-97AB-5CA29FD35A08}"
EndProject
Global
	GlobalSection(SolutionConfigurationPlatforms) = preSolution
		Debug|Any CPU = Debug|Any CPU
		Release|Any CPU = Release|Any CPU
	EndGlobalSection
	GlobalSection(ProjectConfigurationPlatforms) = postSolution
		{CFF1BAAF-9059-48E7-A09E-820A07627EDF}.Debug|Any CPU.ActiveCfg = Debug|Any CPU
		{CFF1BAAF-9059-48E7-A09E-820A07627EDF}.Debug|Any CPU.Build.0 = Debug|Any CPU
		{CFF1BAAF-9059-48E7-A09E-820A07627EDF}.Release|Any CPU.ActiveCfg = Release|Any CPU
		{CFF1BAAF-9059-48E7-A09E-820A07627EDF}.Release|Any CPU.Build.0 = Release|Any CPU
		{9C56C234-E736-4528-A63D-1833DF6E970D}.Debug|Any CPU.ActiveCfg = Debug|Any CPU
		{9C56C234-E736-4528-A63D-1833DF6E970D}.Release|Any CPU.ActiveCfg = Release|Any CPU
		{17191032-2C0F-4485-97AB-5CA29FD35A08}.Debug|Any CPU.ActiveCfg = Debug|Any CPU
		{17191032-2C0F-4485-97AB-5CA29FD35A08}.Release|Any CPU.ActiveCfg = Release|Any CPU
	EndGlobalSection
	GlobalSection(SolutionProperties) = preSolution
		HideSolutionNode = FALSE
	EndGlobalSection
	GlobalSection(ExtensibilityGlobals) = postSolution
		SolutionGuid = {CD938D15-2294-470E-9850-83ED358D3B37}
	EndGlobalSection
EndGlobal
